
Microsoft Visual Studio Solution File, Format Version 12.00
# Visual Studio Version 17
VisualStudioVersion = 17.6.33723.286
MinimumVisualStudioVersion = 10.0.40219.1
Project("{FAE04EC0-301F-11D3-BF4B-00C04F79EFBC}") = "Lab06Q7", "Lab06Q7.csproj", "{DD1781F9-B657-4F3B-9888-B8595C63AF5F}"
EndProject
Global
	GlobalSection(SolutionConfigurationPlatforms) = preSolution
		Debug|Any CPU = Debug|Any CPU
		Release|Any CPU = Release|Any CPU
	EndGlobalSection
	GlobalSection(ProjectConfigurationPlatforms) = postSolution
		{DD1781F9-B657-4F3B-9888-B8595C63AF5F}.Debug|Any CPU.ActiveCfg = Debug|Any CPU
		{DD1781F9-B657-4F3B-9888-B8595C63AF5F}.Debug|Any CPU.Build.0 = Debug|Any CPU
		{DD1781F9-B657-4F3B-9888-B8595C63AF5F}.Release|Any CPU.ActiveCfg = Release|Any CPU
		{DD1781F9-B657-4F3B-9888-B8595C63AF5F}.Release|Any CPU.Build.0 = Release|Any CPU
	EndGlobalSection
	GlobalSection(SolutionProperties) = preSolution
		HideSolutionNode = FALSE
	EndGlobalSection
	GlobalSection(ExtensibilityGlobals) = postSolution
		SolutionGuid = {A5884A73-3E02-4EFE-ACE9-80A5F88A75F9}
	EndGlobalSection
EndGlobal
