
Microsoft Visual Studio Solution File, Format Version 12.00
# Visual Studio Version 17
VisualStudioVersion = 17.6.33723.286
MinimumVisualStudioVersion = 10.0.40219.1
Project("{FAE04EC0-301F-11D3-BF4B-00C04F79EFBC}") = "Lab06Q6", "Lab06Q6.csproj", "{975E1358-C37B-4EFE-A7BA-86FC4C4CECFA}"
EndProject
Global
	GlobalSection(SolutionConfigurationPlatforms) = preSolution
		Debug|Any CPU = Debug|Any CPU
		Release|Any CPU = Release|Any CPU
	EndGlobalSection
	GlobalSection(ProjectConfigurationPlatforms) = postSolution
		{975E1358-C37B-4EFE-A7BA-86FC4C4CECFA}.Debug|Any CPU.ActiveCfg = Debug|Any CPU
		{975E1358-C37B-4EFE-A7BA-86FC4C4CECFA}.Debug|Any CPU.Build.0 = Debug|Any CPU
		{975E1358-C37B-4EFE-A7BA-86FC4C4CECFA}.Release|Any CPU.ActiveCfg = Release|Any CPU
		{975E1358-C37B-4EFE-A7BA-86FC4C4CECFA}.Release|Any CPU.Build.0 = Release|Any CPU
	EndGlobalSection
	GlobalSection(SolutionProperties) = preSolution
		HideSolutionNode = FALSE
	EndGlobalSection
	GlobalSection(ExtensibilityGlobals) = postSolution
		SolutionGuid = {07DDAFA1-FFFC-478E-A0DC-6D53E2298447}
	EndGlobalSection
EndGlobal
