
Microsoft Visual Studio Solution File, Format Version 12.00
# Visual Studio Version 17
VisualStudioVersion = 17.6.33723.286
MinimumVisualStudioVersion = 10.0.40219.1
Project("{FAE04EC0-301F-11D3-BF4B-00C04F79EFBC}") = "Lab03.04", "Lab03.04.csproj", "{AB74C637-113B-4DDE-8298-CFDE365E3B89}"
EndProject
Global
	GlobalSection(SolutionConfigurationPlatforms) = preSolution
		Debug|Any CPU = Debug|Any CPU
		Release|Any CPU = Release|Any CPU
	EndGlobalSection
	GlobalSection(ProjectConfigurationPlatforms) = postSolution
		{AB74C637-113B-4DDE-8298-CFDE365E3B89}.Debug|Any CPU.ActiveCfg = Debug|Any CPU
		{AB74C637-113B-4DDE-8298-CFDE365E3B89}.Debug|Any CPU.Build.0 = Debug|Any CPU
		{AB74C637-113B-4DDE-8298-CFDE365E3B89}.Release|Any CPU.ActiveCfg = Release|Any CPU
		{AB74C637-113B-4DDE-8298-CFDE365E3B89}.Release|Any CPU.Build.0 = Release|Any CPU
	EndGlobalSection
	GlobalSection(SolutionProperties) = preSolution
		HideSolutionNode = FALSE
	EndGlobalSection
	GlobalSection(ExtensibilityGlobals) = postSolution
		SolutionGuid = {2BD8D3D0-246C-4DFC-960B-074A476B98DE}
	EndGlobalSection
EndGlobal
