
Microsoft Visual Studio Solution File, Format Version 12.00
# Visual Studio Version 17
VisualStudioVersion = 17.6.33723.286
MinimumVisualStudioVersion = 10.0.40219.1
Project("{FAE04EC0-301F-11D3-BF4B-00C04F79EFBC}") = "Lab03.01", "Lab03.01.csproj", "{0CF34E54-BCCC-4B4D-A565-835A6DDD6F46}"
EndProject
Global
	GlobalSection(SolutionConfigurationPlatforms) = preSolution
		Debug|Any CPU = Debug|Any CPU
		Release|Any CPU = Release|Any CPU
	EndGlobalSection
	GlobalSection(ProjectConfigurationPlatforms) = postSolution
		{0CF34E54-BCCC-4B4D-A565-835A6DDD6F46}.Debug|Any CPU.ActiveCfg = Debug|Any CPU
		{0CF34E54-BCCC-4B4D-A565-835A6DDD6F46}.Debug|Any CPU.Build.0 = Debug|Any CPU
		{0CF34E54-BCCC-4B4D-A565-835A6DDD6F46}.Release|Any CPU.ActiveCfg = Release|Any CPU
		{0CF34E54-BCCC-4B4D-A565-835A6DDD6F46}.Release|Any CPU.Build.0 = Release|Any CPU
	EndGlobalSection
	GlobalSection(SolutionProperties) = preSolution
		HideSolutionNode = FALSE
	EndGlobalSection
	GlobalSection(ExtensibilityGlobals) = postSolution
		SolutionGuid = {E4D60BE5-932A-4C97-A7FD-B59AA16F3221}
	EndGlobalSection
EndGlobal
