
Microsoft Visual Studio Solution File, Format Version 12.00
# Visual Studio Version 17
VisualStudioVersion = 17.6.33723.286
MinimumVisualStudioVersion = 10.0.40219.1
Project("{FAE04EC0-301F-11D3-BF4B-00C04F79EFBC}") = "Lab01.04", "Lab01.04.csproj", "{23904F4D-EB0E-468C-AF59-95E940282C92}"
EndProject
Global
	GlobalSection(SolutionConfigurationPlatforms) = preSolution
		Debug|Any CPU = Debug|Any CPU
		Release|Any CPU = Release|Any CPU
	EndGlobalSection
	GlobalSection(ProjectConfigurationPlatforms) = postSolution
		{23904F4D-EB0E-468C-AF59-95E940282C92}.Debug|Any CPU.ActiveCfg = Debug|Any CPU
		{23904F4D-EB0E-468C-AF59-95E940282C92}.Debug|Any CPU.Build.0 = Debug|Any CPU
		{23904F4D-EB0E-468C-AF59-95E940282C92}.Release|Any CPU.ActiveCfg = Release|Any CPU
		{23904F4D-EB0E-468C-AF59-95E940282C92}.Release|Any CPU.Build.0 = Release|Any CPU
	EndGlobalSection
	GlobalSection(SolutionProperties) = preSolution
		HideSolutionNode = FALSE
	EndGlobalSection
	GlobalSection(ExtensibilityGlobals) = postSolution
		SolutionGuid = {73F7367A-1963-409A-A666-058933699C30}
	EndGlobalSection
EndGlobal
